{
  "name": "proxy-scraper",
  "version": "1.0.0",
  "lockfileVersion": 1,
  "requires": true,
  "dependencies": {
    "country-list": {
      "version": "2.2.0",
      "resolved": "https://registry.npmjs.org/country-list/-/country-list-2.2.0.tgz",
      "integrity": "sha512-AS21pllCp72LmUztqXPVKXK3TRyap1XlohGLqN04cXH2rFB9vo7SnH5sMnqltZPnu9ie/x1se3UuCZJbGXErfw=="
    }
  }
}
